version: 6
environments:
  default:
    channels:
    - url: https://conda.anaconda.org/conda-forge/
    options:
      pypi-prerelease-mode: if-necessary-or-explicit
    packages:
      win-64:
      - conda: https://conda.anaconda.org/conda-forge/win-64/_openmp_mutex-4.5-20_gnu.conda
      - conda: https://conda.anaconda.org/conda-forge/noarch/annotated-types-0.7.0-pyhd8ed1ab_1.conda
      - conda: https://conda.anaconda.org/conda-forge/win-64/bzip2-1.0.8-h0ad9c76_9.conda
      - conda: https://conda.anaconda.org/conda-forge/noarch/ca-certificates-2026.6.17-h4c7d964_0.conda
      - conda: https://conda.anaconda.org/conda-forge/noarch/colorama-0.4.6-pyhd8ed1ab_1.conda
      - conda: https://conda.anaconda.org/conda-forge/win-64/dkh-1.2-h19f4480_3.conda
      - conda: https://conda.anaconda.org/conda-forge/noarch/exceptiongroup-1.3.1-pyhd8ed1ab_0.conda
      - conda: https://conda.anaconda.org/conda-forge/noarch/flexcache-0.3-pyhd8ed1ab_1.conda
      - conda: https://conda.anaconda.org/conda-forge/noarch/flexparser-0.4-pyhd8ed1ab_1.conda
      - conda: https://conda.anaconda.org/conda-forge/win-64/gau2grid-2.0.9-hfd05255_0.conda
      - conda: https://conda.anaconda.org/conda-forge/noarch/iniconfig-2.3.0-pyhd8ed1ab_0.conda
      - conda: https://conda.anaconda.org/conda-forge/win-64/libblas-3.11.0-6_hf2e6a31_mkl.conda
      - conda: https://conda.anaconda.org/conda-forge/win-64/libcblas-3.11.0-6_h2a3cdd5_mkl.conda
      - conda: https://conda.anaconda.org/conda-forge/win-64/libecpint-1.0.7-hb61b842_12.conda
      - conda: https://conda.anaconda.org/conda-forge/win-64/libexpat-2.8.1-hac47afa_1.conda
      - conda: https://conda.anaconda.org/conda-forge/win-64/libffi-3.5.2-h3d046cb_0.conda
      - conda: https://conda.anaconda.org/conda-forge/win-64/libgcc-15.2.0-h8ee18e1_19.conda
      - conda: https://conda.anaconda.org/conda-forge/win-64/libgfortran-15.2.0-h719f0c7_19.conda
      - conda: https://conda.anaconda.org/conda-forge/win-64/libgfortran5-15.2.0-h44d81a7_19.conda
      - conda: https://conda.anaconda.org/conda-forge/win-64/libgomp-15.2.0-h8ee18e1_19.conda
      - conda: https://conda.anaconda.org/conda-forge/win-64/libhwloc-2.13.0-default_h049141e_1000.conda
      - conda: https://conda.anaconda.org/conda-forge/win-64/libiconv-1.18-hc1393d2_2.conda
      - conda: https://conda.anaconda.org/conda-forge/win-64/libint-2.13.1-h121169c_0.conda
      - conda: https://conda.anaconda.org/conda-forge/win-64/liblapack-3.11.0-6_hf9ab0e9_mkl.conda
      - conda: https://conda.anaconda.org/conda-forge/win-64/liblzma-5.8.3-hfd05255_0.conda
      - conda: https://conda.anaconda.org/conda-forge/win-64/libpcm-1.2.3-hf943dcc_17.conda
      - conda: https://conda.anaconda.org/conda-forge/win-64/libsqlite-3.53.3-hf5d6505_0.conda
      - conda: https://conda.anaconda.org/conda-forge/win-64/libstdcxx-15.2.0-hae5796f_19.conda
      - conda: https://conda.anaconda.org/conda-forge/win-64/libwinpthread-12.0.0.r4.gg4f2fc60ca-h57928b3_10.conda
      - conda: https://conda.anaconda.org/conda-forge/win-64/libxc-c-7.0.0-cpu_h8b675c9_6.conda
      - conda: https://conda.anaconda.org/conda-forge/win-64/libxml2-16-2.15.3-h692994f_0.conda
      - conda: https://conda.anaconda.org/conda-forge/win-64/libxml2-2.15.3-hbc0d294_0.conda
      - conda: https://conda.anaconda.org/conda-forge/win-64/libzlib-1.3.2-hfd05255_2.conda
      - conda: https://conda.anaconda.org/conda-forge/win-64/llvm-openmp-22.1.8-h4fa8253_0.conda
      - conda: https://conda.anaconda.org/conda-forge/win-64/mkl-2025.3.1-hac47afa_13.conda
      - conda: https://conda.anaconda.org/conda-forge/win-64/msgpack-python-1.2.1-py311h275cad7_1.conda
      - conda: https://conda.anaconda.org/conda-forge/noarch/networkx-3.6.1-pyhcf101f3_0.conda
      - conda: https://conda.anaconda.org/conda-forge/win-64/numpy-2.4.6-py311h65cb7f3_0.conda
      - conda: https://conda.anaconda.org/conda-forge/win-64/onemkl-license-2025.3.1-h57928b3_13.conda
      - conda: https://conda.anaconda.org/conda-forge/win-64/openssl-3.6.3-hf411b9b_0.conda
      - conda: https://conda.anaconda.org/conda-forge/noarch/optking-0.5.0-pyhd8ed1ab_0.conda
      - conda: https://conda.anaconda.org/conda-forge/noarch/packaging-26.2-pyhc364b38_0.conda
      - conda: https://conda.anaconda.org/conda-forge/noarch/pcmsolver-1.2.3-py_17.conda
      - conda: https://conda.anaconda.org/conda-forge/noarch/pint-0.25.3-pyhc364b38_0.conda
      - conda: https://conda.anaconda.org/conda-forge/noarch/platformdirs-4.10.0-pyhcf101f3_0.conda
      - conda: https://conda.anaconda.org/conda-forge/noarch/pluggy-1.6.0-pyhf9edf01_1.conda
      - conda: https://conda.anaconda.org/conda-forge/win-64/psi4-1.11-py311h4e093a8_0.conda
      - conda: https://conda.anaconda.org/conda-forge/win-64/psutil-7.2.2-py311hf893f09_0.conda
      - conda: https://conda.anaconda.org/conda-forge/win-64/pugixml-1.15-h372dad0_0.conda
      - conda: https://conda.anaconda.org/conda-forge/noarch/py-cpuinfo-9.0.0-pyhd8ed1ab_1.conda
      - conda: https://conda.anaconda.org/conda-forge/noarch/pybind11-abi-11-hc364b38_1.conda
      - conda: https://conda.anaconda.org/conda-forge/noarch/pydantic-2.13.4-pyhcf101f3_0.conda
      - conda: https://conda.anaconda.org/conda-forge/win-64/pydantic-core-2.46.4-py311hf51aa87_0.conda
      - conda: https://conda.anaconda.org/conda-forge/noarch/pydantic-settings-2.14.2-pyhcf101f3_0.conda
      - conda: https://conda.anaconda.org/conda-forge/noarch/pygments-2.20.0-pyhd8ed1ab_0.conda
      - conda: https://conda.anaconda.org/conda-forge/noarch/pytest-9.1.1-pyhc364b38_2.conda
      - conda: https://conda.anaconda.org/conda-forge/win-64/python-3.11.15-h0159041_1_cpython.conda
      - conda: https://conda.anaconda.org/conda-forge/noarch/python-dotenv-1.2.2-pyhcf101f3_0.conda
      - conda: https://conda.anaconda.org/conda-forge/noarch/python_abi-3.11-8_cp311.conda
      - conda: https://conda.anaconda.org/conda-forge/win-64/pyyaml-6.0.3-py311h3f79411_1.conda
      - conda: https://conda.anaconda.org/conda-forge/noarch/qcelemental-0.50.4-pyhd8ed1ab_0.conda
      - conda: https://conda.anaconda.org/conda-forge/noarch/qcengine-0.50.0-pyhd8ed1ab_0.conda
      - conda: https://conda.anaconda.org/conda-forge/noarch/qcmanybody-0.7.1-pyhd8ed1ab_0.conda
      - conda: https://conda.anaconda.org/conda-forge/win-64/ruff-0.15.21-h45713df_0.conda
      - conda: https://conda.anaconda.org/conda-forge/win-64/scipy-1.17.1-py311h9c22a71_1.conda
      - conda: https://conda.anaconda.org/conda-forge/win-64/tbb-2023.0.0-hd3d4ead_2.conda
      - conda: https://conda.anaconda.org/conda-forge/win-64/tk-8.6.13-h6ed50ae_3.conda
      - conda: https://conda.anaconda.org/conda-forge/noarch/tomli-2.4.1-pyhcf101f3_0.conda
      - conda: https://conda.anaconda.org/conda-forge/noarch/typing-extensions-4.16.0-h69aa097_0.conda
      - conda: https://conda.anaconda.org/conda-forge/noarch/typing-inspection-0.4.2-pyhcf101f3_2.conda
      - conda: https://conda.anaconda.org/conda-forge/noarch/typing_extensions-4.16.0-pyhcf101f3_0.conda
      - conda: https://conda.anaconda.org/conda-forge/noarch/tzdata-2025c-hc9c84f9_1.conda
      - conda: https://conda.anaconda.org/conda-forge/win-64/ucrt-10.0.26100.0-h57928b3_0.conda
      - conda: https://conda.anaconda.org/conda-forge/win-64/vc-14.5-h1b7c187_39.conda
      - conda: https://conda.anaconda.org/conda-forge/win-64/vc14_runtime-14.51.36231-h1b9f54f_39.conda
      - conda: https://conda.anaconda.org/conda-forge/win-64/vcomp14-14.51.36231-h1b9f54f_39.conda
      - conda: https://conda.anaconda.org/conda-forge/win-64/yaml-0.2.5-h6a83c73_3.conda
packages:
- conda: https://conda.anaconda.org/conda-forge/win-64/_openmp_mutex-4.5-20_gnu.conda
  build_number: 20
  sha256: 8a1cee28bd0ee7451ada1cd50b64720e57e17ff994fc62dd8329bef570d382e4
  md5: 1626967b574d1784b578b52eaeb071e7
  depends:
  - libgomp >=7.5.0
  - libwinpthread >=12.0.0.r4.gg4f2fc60ca
  constrains:
  - openmp_impl <0.0a0
  - msys2-conda-epoch <0.0a0
  license: BSD-3-Clause
  license_family: BSD
  size: 52252
  timestamp: 1770943776666
- conda: https://conda.anaconda.org/conda-forge/noarch/annotated-types-0.7.0-pyhd8ed1ab_1.conda
  sha256: e0ea1ba78fbb64f17062601edda82097fcf815012cf52bb704150a2668110d48
  md5: 2934f256a8acfe48f6ebb4fce6cde29c
  depends:
  - python >=3.9
  - typing-extensions >=4.0.0
  license: MIT
  license_family: MIT
  size: 18074
  timestamp: 1733247158254
- conda: https://conda.anaconda.org/conda-forge/win-64/bzip2-1.0.8-h0ad9c76_9.conda
  sha256: 76dfb71df5e8d1c4eded2dbb5ba15bb8fb2e2b0fe42d94145d5eed4c75c35902
  md5: 4cb8e6b48f67de0b018719cdf1136306
  depends:
  - ucrt >=10.0.20348.0
  - vc >=14.3,<15
  - vc14_runtime >=14.44.35208
  license: bzip2-1.0.6
  license_family: BSD
  size: 56115
  timestamp: 1771350256444
- conda: https://conda.anaconda.org/conda-forge/noarch/ca-certificates-2026.6.17-h4c7d964_0.conda
  sha256: 7f458e4a82514d7bebbfef23d92817794a16aaf1c748a15f04870d4fb49aeab2
  md5: b9696b2cf00dfeec138c70cee38ed192
  depends:
  - __win
  license: ISC
  size: 129352
  timestamp: 1781709016515
- conda: https://conda.anaconda.org/conda-forge/noarch/colorama-0.4.6-pyhd8ed1ab_1.conda
  sha256: ab29d57dc70786c1269633ba3dff20288b81664d3ff8d21af995742e2bb03287
  md5: 962b9857ee8e7018c22f2776ffa0b2d7
  depends:
  - python >=3.9
  license: BSD-3-Clause
  license_family: BSD
  size: 27011
  timestamp: 1733218222191
- conda: https://conda.anaconda.org/conda-forge/win-64/dkh-1.2-h19f4480_3.conda
  sha256: 161ad42cb529e766bb12fd333bfd5a71453228ca7176b2261bba5ea5610e0545
  md5: fdc32875afb7b888669151d344741858
  depends:
  - libblas >=3.9.0,<4.0a0
  - libgcc >=13
  - libgfortran
  - libgfortran5 >=13.3.0
  - libwinpthread >=12.0.0.r4.gg4f2fc60ca
  - ucrt >=10.0.20348.0
  license: LGPL-3.0-only
  license_family: LGPL
  size: 100101
  timestamp: 1744956771830
- conda: https://conda.anaconda.org/conda-forge/noarch/exceptiongroup-1.3.1-pyhd8ed1ab_0.conda
  sha256: ee6cf346d017d954255bbcbdb424cddea4d14e4ed7e9813e429db1d795d01144
  md5: 8e662bd460bda79b1ea39194e3c4c9ab
  depends:
  - python >=3.10
  - typing_extensions >=4.6.0
  license: MIT and PSF-2.0
  size: 21333
  timestamp: 1763918099466
- conda: https://conda.anaconda.org/conda-forge/noarch/flexcache-0.3-pyhd8ed1ab_1.conda
  sha256: acdb7b73d84268773fcc8192965994554411edc488ec3447925a62154e9d3baa
  md5: f1e618f2f783427019071b14a111b30d
  depends:
  - python >=3.9
  - typing-extensions
  license: BSD-3-Clause
  license_family: BSD
  size: 16674
  timestamp: 1733663669958
- conda: https://conda.anaconda.org/conda-forge/noarch/flexparser-0.4-pyhd8ed1ab_1.conda
  sha256: 9bdad0cd9fb6d67e48798c03930d634ea2d33a894d30439d3d7bdffd3c21af7b
  md5: 6dc4e43174cd552452fdb8c423e90e69
  depends:
  - python >=3.9
  - typing-extensions
  - typing_extensions
  license: BSD-3-Clause
  license_family: BSD
  size: 28686
  timestamp: 1733663636245
- conda: https://conda.anaconda.org/conda-forge/win-64/gau2grid-2.0.9-hfd05255_0.conda
  sha256: 89749c832d59020e62fe61e84503e5b9fbac3b25c8928b94a206dc09043de8af
  md5: 4157bd89770d89048175aed9d1c1577f
  depends:
  - ucrt >=10.0.20348.0
  - vc >=14.3,<15
  - vc14_runtime >=14.44.35208
  license: BSD-3-Clause
  license_family: BSD
  size: 260234
  timestamp: 1779306686707
- conda: https://conda.anaconda.org/conda-forge/noarch/iniconfig-2.3.0-pyhd8ed1ab_0.conda
  sha256: e1a9e3b1c8fe62dc3932a616c284b5d8cbe3124bbfbedcf4ce5c828cb166ee19
  md5: 9614359868482abba1bd15ce465e3c42
  depends:
  - python >=3.10
  license: MIT
  license_family: MIT
  size: 13387
  timestamp: 1760831448842
- conda: https://conda.anaconda.org/conda-forge/win-64/libblas-3.11.0-6_hf2e6a31_mkl.conda
  build_number: 6
  sha256: 10c8054f007adca8c780cd8bb9335fa5d990f0494b825158d3157983a25b1ea2
  md5: 95543eec964b4a4a7ca3c4c9be481aa1
  depends:
  - mkl >=2025.3.1,<2026.0a0
  constrains:
  - blas 2.306   mkl
  - liblapacke 3.11.0   6*_mkl
  - liblapack  3.11.0   6*_mkl
  - libcblas   3.11.0   6*_mkl
  license: BSD-3-Clause
  license_family: BSD
  size: 68082
  timestamp: 1774503684284
- conda: https://conda.anaconda.org/conda-forge/win-64/libcblas-3.11.0-6_h2a3cdd5_mkl.conda
  build_number: 6
  sha256: 02b2a2225f4899c6aaa1dc723e06b3f7a4903d2129988f91fc1527409b07b0a5
  md5: 9e4bf521c07f4d423cba9296b7927e3c
  depends:
  - libblas 3.11.0 6_hf2e6a31_mkl
  constrains:
  - blas 2.306   mkl
  - liblapacke 3.11.0   6*_mkl
  - liblapack  3.11.0   6*_mkl
  license: BSD-3-Clause
  license_family: BSD
  size: 68221
  timestamp: 1774503722413
- conda: https://conda.anaconda.org/conda-forge/win-64/libecpint-1.0.7-hb61b842_12.conda
  sha256: 5bd0303f4f2ce3c4856010425a47c8bf990e5fff68eb0c2df35233df4ca1d60d
  md5: deaed925dc4c612974974af7fb777c24
  depends:
  - pugixml >=1.15,<1.16.0a0
  - ucrt >=10.0.20348.0
  - vc >=14.2,<15
  - vc14_runtime >=14.29.30139
  license: MIT
  license_family: MIT
  size: 387506
  timestamp: 1744865886453
- conda: https://conda.anaconda.org/conda-forge/win-64/libexpat-2.8.1-hac47afa_1.conda
  sha256: 1a54d874addda73b6f7164d5f3905821277a1831bcc05edd74b3085391688571
  md5: ccc490c81ffe14181861beac0e8f3169
  depends:
  - ucrt >=10.0.20348.0
  - vc >=14.3,<15
  - vc14_runtime >=14.44.35208
  constrains:
  - expat 2.8.1.*
  license: MIT
  license_family: MIT
  size: 71631
  timestamp: 1781203724164
- conda: https://conda.anaconda.org/conda-forge/win-64/libffi-3.5.2-h3d046cb_0.conda
  sha256: 59d01f2dfa8b77491b5888a5ab88ff4e1574c9359f7e229da254cdfe27ddc190
  md5: 720b39f5ec0610457b725eb3f396219a
  depends:
  - ucrt >=10.0.20348.0
  - vc >=14.3,<15
  - vc14_runtime >=14.44.35208
  license: MIT
  license_family: MIT
  size: 45831
  timestamp: 1769456418774
- conda: https://conda.anaconda.org/conda-forge/win-64/libgcc-15.2.0-h8ee18e1_19.conda
  sha256: 80e80ef5e31b00b12539db3c5aaecde60dab91381abfc1060e323d5c3b016dce
  md5: cc5d690fc1c629038f13c68e88e65f44
  depends:
  - _openmp_mutex >=4.5
  - libwinpthread >=12.0.0.r4.gg4f2fc60ca
  constrains:
  - msys2-conda-epoch <0.0a0
  - libgcc-ng ==15.2.0=*_19
  - libgomp 15.2.0 h8ee18e1_19
  license: GPL-3.0-only WITH GCC-exception-3.1
  license_family: GPL
  size: 821854
  timestamp: 1778273037795
- conda: https://conda.anaconda.org/conda-forge/win-64/libgfortran-15.2.0-h719f0c7_19.conda
  sha256: c312a73e6f032898ab07d9ab5f1e9752ee5a8017acfa3fe8707b8ad67f703c4e
  md5: f92c61628b028b94ad20c3d09b1bcd6b
  depends:
  - libgfortran5 15.2.0 h44d81a7_19
  constrains:
  - libgfortran-ng ==15.2.0=*_19
  license: GPL-3.0-only WITH GCC-exception-3.1
  license_family: GPL
  size: 51402
  timestamp: 1778273257466
- conda: https://conda.anaconda.org/conda-forge/win-64/libgfortran5-15.2.0-h44d81a7_19.conda
  sha256: 5b094652485b6307bb8991a5f877d15c10a4f0c6b5698b041bb6e1bd408e01f4
  md5: 4849bc0fd45bcb95ce981c449e8cf7f4
  depends:
  - libgcc >=15.2.0
  - libwinpthread >=12.0.0.r4.gg4f2fc60ca
  constrains:
  - libgfortran 15.2.0
  license: GPL-3.0-only WITH GCC-exception-3.1
  license_family: GPL
  size: 2792696
  timestamp: 1778273047082
- conda: https://conda.anaconda.org/conda-forge/win-64/libgomp-15.2.0-h8ee18e1_19.conda
  sha256: 4dc958ced2fc7f42bc675b07e2c9abe3e150875ffdf62ca551d94fc6facf1fd7
  md5: f1147651e3fdd585e2f442c0c2fc8f2d
  depends:
  - libwinpthread >=12.0.0.r4.gg4f2fc60ca
  constrains:
  - msys2-conda-epoch <0.0a0
  license: GPL-3.0-only WITH GCC-exception-3.1
  license_family: GPL
  size: 664640
  timestamp: 1778272979661
- conda: https://conda.anaconda.org/conda-forge/win-64/libhwloc-2.13.0-default_h049141e_1000.conda
  sha256: 2ee12e37223dfcd0acd050c80a91150c482b6e2899198521e1800dce66662467
  md5: 6a01c986e30292c715038d2788aa1385
  depends:
  - libwinpthread >=12.0.0.r4.gg4f2fc60ca
  - libxml2
  - libxml2-16 >=2.14.6
  - ucrt >=10.0.20348.0
  - vc >=14.3,<15
  - vc14_runtime >=14.44.35208
  license: BSD-3-Clause
  license_family: BSD
  size: 2396128
  timestamp: 1770954127918
- conda: https://conda.anaconda.org/conda-forge/win-64/libiconv-1.18-hc1393d2_2.conda
  sha256: 0dcdb1a5f01863ac4e8ba006a8b0dc1a02d2221ec3319b5915a1863254d7efa7
  md5: 64571d1dd6cdcfa25d0664a5950fdaa2
  depends:
  - ucrt >=10.0.20348.0
  - vc >=14.3,<15
  - vc14_runtime >=14.44.35208
  license: LGPL-2.1-only
  size: 696926
  timestamp: 1754909290005
- conda: https://conda.anaconda.org/conda-forge/win-64/libint-2.13.1-h121169c_0.conda
  sha256: 53959836cb2e781377b76c505befe384edced64007b705e7900bd5d24eb59ec7
  md5: 64142be18b264bea069c7934277e8550
  depends:
  - ucrt >=10.0.20348.0
  - vc >=14.3
  - vc >=14.3,<15
  - vc14_runtime >=14.44.35208
  license: LGPL-3.0-only
  license_family: LGPL
  size: 59921048
  timestamp: 1770294593542
- conda: https://conda.anaconda.org/conda-forge/win-64/liblapack-3.11.0-6_hf9ab0e9_mkl.conda
  build_number: 6
  sha256: 2e6ac39e456ba13ec8f02fc0787b8a22c89780e24bd5556eaf642177463ffb36
  md5: 7e9cdaf6f302142bc363bbab3b5e7074
  depends:
  - libblas 3.11.0 6_hf2e6a31_mkl
  constrains:
  - blas 2.306   mkl
  - liblapacke 3.11.0   6*_mkl
  - libcblas   3.11.0   6*_mkl
  license: BSD-3-Clause
  license_family: BSD
  size: 80571
  timestamp: 1774503757128
- conda: https://conda.anaconda.org/conda-forge/win-64/liblzma-5.8.3-hfd05255_0.conda
  sha256: d636d1a25234063642f9c531a7bb58d84c1c496411280a36ea000bd122f078f1
  md5: 8f83619ab1588b98dd99c90b0bfc5c6d
  depends:
  - ucrt >=10.0.20348.0
  - vc >=14.3,<15
  - vc14_runtime >=14.44.35208
  constrains:
  - xz 5.8.3.*
  license: 0BSD
  size: 106486
  timestamp: 1775825663227
- conda: https://conda.anaconda.org/conda-forge/win-64/libpcm-1.2.3-hf943dcc_17.conda
  sha256: 2d539e90656a8cf1e20c59ec54d15e0797345a3f4608fa2c76699b7d8a4f0002
  md5: 3d6bd3d519f22694452714e75ef02e24
  depends:
  - libgcc >=14
  - libgfortran
  - libgfortran5 >=14.3.0
  - libstdcxx >=14
  - libwinpthread >=12.0.0.r4.gg4f2fc60ca
  - libzlib >=1.3.2,<2.0a0
  - ucrt >=10.0.20348.0
  license: LGPL-3.0-only AND MIT AND MIT-0 AND Apache-2.0
  license_family: LGPL
  size: 736309
  timestamp: 1774677699682
- conda: https://conda.anaconda.org/conda-forge/win-64/libsqlite-3.53.3-hf5d6505_0.conda
  sha256: 692dfb73a22c873656d5e393b8f1e2b019a3c8a6486c97cb6900552e64e38c25
  md5: 051f1b2228e7517a2ef8cca5146c8967
  depends:
  - ucrt >=10.0.20348.0
  - vc >=14.3,<15
  - vc14_runtime >=14.44.35208
  license: blessing
  size: 1315909
  timestamp: 1782519131898
- conda: https://conda.anaconda.org/conda-forge/win-64/libstdcxx-15.2.0-hae5796f_19.conda
  sha256: 39e3ccf4fa64e24196e57ca34387bdd8f7c749bf3beab1a849244e6923c288d2
  md5: fff457de671788d3df3d5cb246caec3e
  depends:
  - libgcc 15.2.0 h8ee18e1_19
  - libwinpthread >=12.0.0.r4.gg4f2fc60ca
  constrains:
  - libstdcxx-ng ==15.2.0=*_19
  license: GPL-3.0-only WITH GCC-exception-3.1
  license_family: GPL
  size: 6461114
  timestamp: 1778273060138
- conda: https://conda.anaconda.org/conda-forge/win-64/libwinpthread-12.0.0.r4.gg4f2fc60ca-h57928b3_10.conda
  sha256: 0fccf2d17026255b6e10ace1f191d0a2a18f2d65088fd02430be17c701f8ffe0
  md5: 8a86073cf3b343b87d03f41790d8b4e5
  depends:
  - ucrt
  constrains:
  - pthreads-win32 <0.0a0
  - msys2-conda-epoch <0.0a0
  license: MIT AND BSD-3-Clause-Clear
  size: 36621
  timestamp: 1759768399557
- conda: https://conda.anaconda.org/conda-forge/win-64/libxc-c-7.0.0-cpu_h8b675c9_6.conda
  sha256: 74202ef8b6fdb346e1a5e5c09022db950bde9248b2a990758ed253591c10b5ca
  md5: 8beb4f2c71e4da6d24610e9d2a72012a
  depends:
  - ucrt >=10.0.20348.0
  - vc >=14.3,<15
  - vc14_runtime >=14.44.35208
  license: MPL-2.0
  license_family: Other
  size: 47076037
  timestamp: 1762481107225
- conda: https://conda.anaconda.org/conda-forge/win-64/libxml2-2.15.3-hbc0d294_0.conda
  sha256: da68af9d9d28d65a6916db1bef68f8a25c64c4fdcf759f32a2d2f2f143220adf
  md5: e3b5acbb857a12f5d59e8d174bc536c0
  depends:
  - libiconv >=1.18,<2.0a0
  - liblzma >=5.8.3,<6.0a0
  - libxml2-16 2.15.3 h692994f_0
  - libzlib >=1.3.2,<2.0a0
  - ucrt >=10.0.20348.0
  - vc >=14.3,<15
  - vc14_runtime >=14.44.35208
  constrains:
  - icu <0.0a0
  license: MIT
  license_family: MIT
  size: 43916
  timestamp: 1776376994334
- conda: https://conda.anaconda.org/conda-forge/win-64/libxml2-16-2.15.3-h692994f_0.conda
  sha256: 8038084c60eda2006d0122d05e3364fe8db0a18935ca6ed0168b5ba5aa33f904
  md5: f7d6fcda29570e20851b78d92ea2154e
  depends:
  - libiconv >=1.18,<2.0a0
  - liblzma >=5.8.3,<6.0a0
  - libzlib >=1.3.2,<2.0a0
  - ucrt >=10.0.20348.0
  - vc >=14.3,<15
  - vc14_runtime >=14.44.35208
  constrains:
  - libxml2 2.15.3
  - icu <0.0a0
  license: MIT
  license_family: MIT
  size: 518869
  timestamp: 1776376971242
- conda: https://conda.anaconda.org/conda-forge/win-64/libzlib-1.3.2-hfd05255_2.conda
  sha256: 88609816e0cc7452bac637aaf65783e5edf4fee8a9f8e22bdc3a75882c536061
  md5: dbabbd6234dea34040e631f87676292f
  depends:
  - ucrt >=10.0.20348.0
  - vc >=14.3,<15
  - vc14_runtime >=14.44.35208
  constrains:
  - zlib 1.3.2 *_2
  license: Zlib
  license_family: Other
  size: 58347
  timestamp: 1774072851498
- conda: https://conda.anaconda.org/conda-forge/win-64/llvm-openmp-22.1.8-h4fa8253_0.conda
  sha256: 50c02902bb516eeb56680358f052be38b5bf74b40e78ea4b2a675e84957e7307
  md5: de3551bf6508d45ca46b714639e52823
  depends:
  - ucrt >=10.0.20348.0
  - vc >=14.3,<15
  - vc14_runtime >=14.44.35208
  constrains:
  - openmp 22.1.8|22.1.8.*
  - intel-openmp <0.0a0
  license: Apache-2.0 WITH LLVM-exception
  license_family: APACHE
  size: 348002
  timestamp: 1781737042070
- conda: https://conda.anaconda.org/conda-forge/win-64/mkl-2025.3.1-hac47afa_13.conda
  sha256: d0ec759eed591693d4b51d9e31f43e9ec701484a012b14f28f5d6fd75317f481
  md5: c058cdc8796d5eb260a1aef2cbb7fbbf
  depends:
  - llvm-openmp >=22.1.4
  - onemkl-license 2025.3.1 h57928b3_13
  - tbb >=2022.3.0
  - ucrt >=10.0.20348.0
  - vc >=14.3,<15
  - vc14_runtime >=14.44.35208
  license: LicenseRef-IntelSimplifiedSoftwareOct2022
  license_family: Proprietary
  size: 99617963
  timestamp: 1778105275590
- conda: https://conda.anaconda.org/conda-forge/win-64/msgpack-python-1.2.1-py311h275cad7_1.conda
  sha256: ab2f86fa05110cfb6760ea60e7541b660409be59e5dc99667d3af45f772b4de1
  md5: 8b2d4b2516f122df1c43b43d83cad36e
  depends:
  - python
  - vc >=14.3,<15
  - vc14_runtime >=14.44.35208
  - ucrt >=10.0.20348.0
  - python_abi 3.11.* *_cp311
  license: Apache-2.0
  license_family: APACHE
  size: 89118
  timestamp: 1782460809481
- conda: https://conda.anaconda.org/conda-forge/noarch/networkx-3.6.1-pyhcf101f3_0.conda
  sha256: f6a82172afc50e54741f6f84527ef10424326611503c64e359e25a19a8e4c1c6
  md5: a2c1eeadae7a309daed9d62c96012a2b
  depends:
  - python >=3.11
  - python
  constrains:
  - numpy >=1.25
  - scipy >=1.11.2
  - matplotlib-base >=3.8
  - pandas >=2.0
  license: BSD-3-Clause
  license_family: BSD
  size: 1587439
  timestamp: 1765215107045
- conda: https://conda.anaconda.org/conda-forge/win-64/numpy-2.4.6-py311h65cb7f3_0.conda
  sha256: cd26f615140d0ed557f8927947ca62c181d55ddbe418eebd24bd06cd32fb3938
  md5: ef5c1dedd943abfb0b80112ba46d4ab8
  depends:
  - python
  - vc >=14.3,<15
  - vc14_runtime >=14.44.35208
  - ucrt >=10.0.20348.0
  - liblapack >=3.9.0,<4.0a0
  - libcblas >=3.9.0,<4.0a0
  - python_abi 3.11.* *_cp311
  - libblas >=3.9.0,<4.0a0
  constrains:
  - numpy-base <0a0
  license: BSD-3-Clause
  license_family: BSD
  size: 7807344
  timestamp: 1779169235300
- conda: https://conda.anaconda.org/conda-forge/win-64/onemkl-license-2025.3.1-h57928b3_13.conda
  sha256: 4ca711784724992014a2ba1bfc2e4798182f374d1f11a05f33d636e9f10ca6ca
  md5: eded4ef8a94852a2e3e4c779b3b6fdda
  license: LicenseRef-IntelSimplifiedSoftwareOct2022
  license_family: Proprietary
  size: 41377
  timestamp: 1778104928629
- conda: https://conda.anaconda.org/conda-forge/win-64/openssl-3.6.3-hf411b9b_0.conda
  sha256: cb6e7ba0d010ee0d3249ce9886de3d7613d26d9965d4c95666fa66b9c4c31001
  md5: e99f95734a326c0fd4d02bbd995150d4
  depends:
  - ca-certificates
  - ucrt >=10.0.20348.0
  - vc >=14.3,<15
  - vc14_runtime >=14.44.35208
  license: Apache-2.0
  license_family: Apache
  size: 9414790
  timestamp: 1781071745579
- conda: https://conda.anaconda.org/conda-forge/noarch/optking-0.5.0-pyhd8ed1ab_0.conda
  sha256: ed686835d74b2c2e24c61060ec0cb0ac126bc3820a63710789dc8d1f37b1ce45
  md5: 6b9b0454c9085a3b125a1c749ed64e98
  depends:
  - msgpack-python >=1.0
  - numpy >=1.21
  - pydantic >=1.10.17,<3
  - python >=3.10
  - qcelemental >=0.30.0,<0.70.0
  - qcengine >=0.34.0
  license: BSD-3-Clause
  license_family: BSD
  size: 186862
  timestamp: 1776541752881
- conda: https://conda.anaconda.org/conda-forge/noarch/packaging-26.2-pyhc364b38_0.conda
  sha256: 3906abfb6511a3bb309e39b9b1b7bc38f50a723971de2395489fd1f379255890
  md5: 4c06a92e74452cfa53623a81592e8934
  depends:
  - python >=3.8
  - python
  license: Apache-2.0
  license_family: APACHE
  size: 91574
  timestamp: 1777103621679
- conda: https://conda.anaconda.org/conda-forge/noarch/pcmsolver-1.2.3-py_17.conda
  sha256: 0f309e219fbb785ab808f80f4267a51fd929c58b7a1bd1a4fe2dff2d2d3fd048
  md5: e82ba9a2c5503b47aa5d60c30a307302
  depends:
  - libpcm >=1.2.3,<1.2.4.0a0
  - python
  license: LGPL-3.0-only AND MIT AND MIT-0 AND Apache-2.0
  license_family: LGPL
  size: 103423
  timestamp: 1774677214026
- conda: https://conda.anaconda.org/conda-forge/noarch/pint-0.25.3-pyhc364b38_0.conda
  sha256: f58a03dd2908c15dc65fab7e03a0212c69043466f7f85a4e345470492841782f
  md5: 293c4719f6d62778ffecd18e024a8fcd
  depends:
  - python >=3.11
  - platformdirs >=2.1.0
  - flexcache >=0.3
  - flexparser >=0.4
  - typing_extensions >=4.0.0
  - python
  constrains:
  - numpy >=1.23
  license: BSD-3-Clause
  license_family: BSD
  size: 245230
  timestamp: 1773969991837
- conda: https://conda.anaconda.org/conda-forge/noarch/platformdirs-4.10.0-pyhcf101f3_0.conda
  sha256: 9e5e1fd3506ccfc4d444fc4d2d39b0ed097d5d0e3bd3d4bdf6bcc81aaf66860d
  md5: 2c5ef45db85d34799771629bd5860fd7
  depends:
  - python >=3.10
  - python
  license: MIT
  license_family: MIT
  size: 26308
  timestamp: 1779972894916
- conda: https://conda.anaconda.org/conda-forge/noarch/pluggy-1.6.0-pyhf9edf01_1.conda
  sha256: e14aafa63efa0528ca99ba568eaf506eb55a0371d12e6250aaaa61718d2eb62e
  md5: d7585b6550ad04c8c5e21097ada2888e
  depends:
  - python >=3.9
  - python
  license: MIT
  license_family: MIT
  size: 25877
  timestamp: 1764896838868
- conda: https://conda.anaconda.org/conda-forge/win-64/psi4-1.11-py311h4e093a8_0.conda
  sha256: a592696151d9327c7c3436b30848270a454780f0a72c80a149c82c746ad6a624
  md5: 3fbeff3f6dee71c47a1ace7e944ac6ed
  depends:
  - dkh >=1.2,<1.3.0a0
  - gau2grid >=2.0.9,<3.0a0
  - libblas >=3.11.0,<4.0a0
  - libecpint >=1.0.7,<1.1.0a0
  - libint 2.13.1 h121169c_0
  - libpcm >=1.2.3,<1.2.4.0a0
  - libxc-c >=7.0.0,<8.0a0 cpu_*
  - libzlib >=1.3.2,<2.0a0
  - llvm-openmp >=22.1.8
  - mkl >=2025.3.1,<2026.0a0
  - msgpack-python
  - networkx
  - numpy >=1.23,<3
  - optking >=0.5.0,<1.0a0
  - pcmsolver >=1.2.3,<1.2.4.0a0
  - pybind11-abi 11
  - pydantic >=2.11.0,<3
  - python >=3.11,<3.12.0a0
  - python_abi 3.11.* *_cp311
  - qcelemental >=0.50.4,<0.70
  - qcengine >=0.50,<0.70
  - qcmanybody >=0.7.1,<1.0a0
  - scipy
  - ucrt >=10.0.20348.0
  - vc >=14.3
  - vc >=14.3,<15
  - vc14_runtime >=14.44.35208
  constrains:
  - adcc >=0.15.16
  - qcfractal >=0.60,!=0.62
  - pylibefp ==0.6.2
  - pytest >=7.0.1
  - pymdi >=1.2
  - dftd3-python >=1.3.0
  - dftd4-python >=4.1.0
  - pyddx >=0.4.3
  - geometric >=1.0
  license: LGPL-3.0-only AND BSD-3-Clause AND MIT
  license_family: LGPL
  size: 78605548
  timestamp: 1782803991655
- conda: https://conda.anaconda.org/conda-forge/win-64/psutil-7.2.2-py311hf893f09_0.conda
  sha256: 32da17824abadd1f5b46faedfa4964c7b1817b11887c2e8bb4e48628da51b93a
  md5: fd968cdacc7967efd0ff5ef1805b812c
  depends:
  - python
  - vc >=14.3,<15
  - vc14_runtime >=14.44.35208
  - ucrt >=10.0.20348.0
  - python_abi 3.11.* *_cp311
  license: BSD-3-Clause
  license_family: BSD
  size: 249478
  timestamp: 1769678166841
- conda: https://conda.anaconda.org/conda-forge/win-64/pugixml-1.15-h372dad0_0.conda
  sha256: 97b34ed73b6f559fcf5e706d4c8435923ba95cfed478d3fd50b475f94f60dc6e
  md5: cadea4c6edb512e979edbf793bf979ac
  depends:
  - ucrt >=10.0.20348.0
  - vc >=14.2,<15
  - vc14_runtime >=14.29.30139
  license: MIT
  license_family: MIT
  size: 113967
  timestamp: 1736601565527
- conda: https://conda.anaconda.org/conda-forge/noarch/py-cpuinfo-9.0.0-pyhd8ed1ab_1.conda
  sha256: 6d8f03c13d085a569fde931892cded813474acbef2e03381a1a87f420c7da035
  md5: 46830ee16925d5ed250850503b5dc3a8
  depends:
  - python >=3.9
  license: MIT
  license_family: MIT
  size: 25766
  timestamp: 1733236452235
- conda: https://conda.anaconda.org/conda-forge/noarch/pybind11-abi-11-hc364b38_1.conda
  sha256: 9e7fe12f727acd2787fb5816b2049cef4604b7a00ad3e408c5e709c298ce8bf1
  md5: f0599959a2447c1e544e216bddf393fa
  license: BSD-3-Clause
  license_family: BSD
  size: 14671
  timestamp: 1752769938071
- conda: https://conda.anaconda.org/conda-forge/noarch/pydantic-2.13.4-pyhcf101f3_0.conda
  sha256: 69700e31165df070e9716315e042196aa92525dae5deb5107785847ab9f4189f
  md5: 729843edafc0899b3348bd3f19525b9d
  depends:
  - typing-inspection >=0.4.2
  - typing_extensions >=4.14.1
  - python >=3.10
  - annotated-types >=0.6.0
  - pydantic-core ==2.46.4
  - python
  license: MIT
  license_family: MIT
  size: 346511
  timestamp: 1778103405862
- conda: https://conda.anaconda.org/conda-forge/win-64/pydantic-core-2.46.4-py311hf51aa87_0.conda
  sha256: 4cf860418a6a1a678bcc23bc29a83f4f0916682fd6ab1ff209b4e5ee3dc5e15f
  md5: 85efdb748cbec9210e718c4a8860749c
  depends:
  - python
  - typing-extensions >=4.6.0,!=4.7.0
  - vc >=14.3,<15
  - vc14_runtime >=14.44.35208
  - ucrt >=10.0.20348.0
  - python_abi 3.11.* *_cp311
  license: MIT
  license_family: MIT
  size: 1898998
  timestamp: 1778084255268
- conda: https://conda.anaconda.org/conda-forge/noarch/pydantic-settings-2.14.2-pyhcf101f3_0.conda
  sha256: de1eb2cdb22a678387ec7757f10b7815c4c2a4d62f23b2a70fe4beff7e8a1fd4
  md5: a1c5305893d9956abd2079d377c5113f
  depends:
  - typing-inspection >=0.4.0
  - python >=3.10
  - pydantic >=2.7.0
  - python-dotenv >=0.21.0
  - python
  license: MIT
  license_family: MIT
  size: 52920
  timestamp: 1781884990751
- conda: https://conda.anaconda.org/conda-forge/noarch/pygments-2.20.0-pyhd8ed1ab_0.conda
  sha256: cf70b2f5ad9ae472b71235e5c8a736c9316df3705746de419b59d442e8348e86
  md5: 16c18772b340887160c79a6acc022db0
  depends:
  - python >=3.10
  license: BSD-2-Clause
  license_family: BSD
  size: 893031
  timestamp: 1774796815820
- conda: https://conda.anaconda.org/conda-forge/noarch/pytest-9.1.1-pyhc364b38_2.conda
  sha256: 430051d80765207a7d782b2b188230ba1489d35c6e75fd9903f76cb9fda4af16
  md5: 64c98a12c4e23eb238bf66bbecafdf3c
  depends:
  - colorama
  - pygments >=2.7.2
  - python >=3.10
  - iniconfig >=1.0.1
  - packaging >=22
  - pluggy >=1.5,<2
  - tomli >=1
  - exceptiongroup >=1
  - python
  constrains:
  - pytest-faulthandler >=2
  license: MIT
  license_family: MIT
  size: 306724
  timestamp: 1782127176429
- conda: https://conda.anaconda.org/conda-forge/win-64/python-3.11.15-h0159041_1_cpython.conda
  build_number: 1
  sha256: 32716d8df907696e856cbd4cdcc5fe89ddae01c7c9a8cc99bd42260bf6d9a4a2
  md5: 06b84fcf19e4d5101a1d105d15dcfc88
  depends:
  - bzip2 >=1.0.8,<2.0a0
  - libexpat >=2.8.1,<3.0a0
  - libffi >=3.5.2,<3.6.0a0
  - liblzma >=5.8.3,<6.0a0
  - libsqlite >=3.53.2,<4.0a0
  - libzlib >=1.3.2,<2.0a0
  - openssl >=3.5.7,<4.0a0
  - tk >=8.6.13,<8.7.0a0
  - tzdata
  - ucrt >=10.0.20348.0
  - vc >=14.3,<15
  - vc14_runtime >=14.44.35208
  constrains:
  - python_abi 3.11.* *_cp311
  license: Python-2.0
  size: 18439395
  timestamp: 1781148714198
- conda: https://conda.anaconda.org/conda-forge/noarch/python-dotenv-1.2.2-pyhcf101f3_0.conda
  sha256: 74e417a768f59f02a242c25e7db0aa796627b5bc8c818863b57786072aeb85e5
  md5: 130584ad9f3a513cdd71b1fdc1244e9c
  depends:
  - python >=3.10
  license: BSD-3-Clause
  license_family: BSD
  size: 27848
  timestamp: 1772388605021
- conda: https://conda.anaconda.org/conda-forge/noarch/python_abi-3.11-8_cp311.conda
  build_number: 8
  sha256: fddf123692aa4b1fc48f0471e346400d9852d96eeed77dbfdd746fa50a8ff894
  md5: 8fcb6b0e2161850556231336dae58358
  constrains:
  - python 3.11.* *_cpython
  license: BSD-3-Clause
  license_family: BSD
  size: 7003
  timestamp: 1752805919375
- conda: https://conda.anaconda.org/conda-forge/win-64/pyyaml-6.0.3-py311h3f79411_1.conda
  sha256: 301c3ba100d25cd5ae37895988ee3ab986210d4d972aa58efed948fbe857773d
  md5: a0153c033dc55203e11d1cac8f6a9cf2
  depends:
  - python >=3.11,<3.12.0a0
  - python_abi 3.11.* *_cp311
  - ucrt >=10.0.20348.0
  - vc >=14.3,<15
  - vc14_runtime >=14.44.35208
  - yaml >=0.2.5,<0.3.0a0
  license: MIT
  license_family: MIT
  size: 187108
  timestamp: 1770223467913
- conda: https://conda.anaconda.org/conda-forge/noarch/qcelemental-0.50.4-pyhd8ed1ab_0.conda
  sha256: 6cf95dd8f41749259e7d9dd414d9bf2c02a6c2469f004e02160b0b70c1c3d365
  md5: 8cc43fb0ce5b17086088b5f0f2c37190
  depends:
  - numpy
  - pint
  - pydantic >=2.11,<3
  - python >=3.10
  constrains:
  - qcmanybody >=0.7.1
  license: BSD-3-Clause
  license_family: BSD
  size: 248545
  timestamp: 1782204485571
- conda: https://conda.anaconda.org/conda-forge/noarch/qcengine-0.50.0-pyhd8ed1ab_0.conda
  sha256: bc98200cfaa5f5201eb0d53f6d99ecbf27ef1cd18399a010e76b0fe1f469f339
  md5: 59b29a2555c994fc7f6163220e99b6aa
  depends:
  - packaging
  - psutil
  - py-cpuinfo
  - pydantic >=2.11,<3
  - pydantic-settings
  - python >=3.10
  - pyyaml
  - qcelemental >=0.50.0,<0.70.0
  license: BSD-3-Clause
  license_family: BSD
  size: 261978
  timestamp: 1779694209993
- conda: https://conda.anaconda.org/conda-forge/noarch/qcmanybody-0.7.1-pyhd8ed1ab_0.conda
  sha256: c434586cdbf0e0da3d5470c2dca9de85259c4d2eeeb665d157b370707112f5df
  md5: 9acfa34f858f025b84cd6f7bef368aa2
  depends:
  - numpy
  - pydantic >=2.11.0,<3
  - python >=3.10
  - qcelemental >=0.50.0rc5,<0.70.0
  license: BSD-3-Clause
  license_family: BSD
  size: 933410
  timestamp: 1777532212968
- conda: https://conda.anaconda.org/conda-forge/win-64/ruff-0.15.21-h45713df_0.conda
  noarch: python
  sha256: 739964d918762bfc0c95d9d3863b6f632a0161a340a6d1d92ded8f11955e928d
  md5: b0df8296d8d29cfcf267c64d48dd5d53
  depends:
  - python
  - vc >=14.3,<15
  - vc14_runtime >=14.44.35208
  - ucrt >=10.0.20348.0
  license: MIT
  license_family: MIT
  size: 9846351
  timestamp: 1783653785431
- conda: https://conda.anaconda.org/conda-forge/win-64/scipy-1.17.1-py311h9c22a71_1.conda
  sha256: 668cfbfb7960df5fff0e2db2677eb00d9e02ee1ce63cc9b1c985d782dacab2fe
  md5: 0635502eadb751abecd2c68af249f50f
  depends:
  - libblas >=3.9.0,<4.0a0
  - libcblas >=3.9.0,<4.0a0
  - liblapack >=3.9.0,<4.0a0
  - numpy <2.7
  - numpy >=1.23,<3
  - numpy >=1.25.2
  - python >=3.11,<3.12.0a0
  - python_abi 3.11.* *_cp311
  - ucrt >=10.0.20348.0
  - vc >=14.3,<15
  - vc14_runtime >=14.44.35208
  license: BSD-3-Clause
  license_family: BSD
  size: 15241561
  timestamp: 1779876161272
- conda: https://conda.anaconda.org/conda-forge/win-64/tbb-2023.0.0-hd3d4ead_2.conda
  sha256: 8a4053839b8e997a5965e2dff7d6cf3c77be62d82c0e48c8a04a5ed2d2e73035
  md5: 8ee01a693aecff5432069eaaf1183c45
  depends:
  - libhwloc >=2.13.0,<2.13.1.0a0
  - ucrt >=10.0.20348.0
  - vc >=14.3,<15
  - vc14_runtime >=14.44.35208
  license: Apache-2.0
  license_family: APACHE
  size: 156515
  timestamp: 1778673901757
- conda: https://conda.anaconda.org/conda-forge/win-64/tk-8.6.13-h6ed50ae_3.conda
  sha256: 0e79810fae28f3b69fe7391b0d43f5474d6bd91d451d5f2bde02f55ae481d5e3
  md5: 0481bfd9814bf525bd4b3ee4b51494c4
  depends:
  - ucrt >=10.0.20348.0
  - vc >=14.3,<15
  - vc14_runtime >=14.44.35208
  license: TCL
  license_family: BSD
  size: 3526350
  timestamp: 1769460339384
- conda: https://conda.anaconda.org/conda-forge/noarch/tomli-2.4.1-pyhcf101f3_0.conda
  sha256: 91cafdb64268e43e0e10d30bd1bef5af392e69f00edd34dfaf909f69ab2da6bd
  md5: b5325cf06a000c5b14970462ff5e4d58
  depends:
  - python >=3.10
  - python
  license: MIT
  license_family: MIT
  size: 21561
  timestamp: 1774492402955
- conda: https://conda.anaconda.org/conda-forge/noarch/typing-extensions-4.16.0-h69aa097_0.conda
  sha256: b141933ece3518f6d7b75dfb59451e2f26b405a44c18e2518a83e9a02e09315c
  md5: c680b5747e8c4c8f23dca0bb7042a8fc
  depends:
  - typing_extensions ==4.16.0 pyhcf101f3_0
  license: PSF-2.0
  license_family: PSF
  size: 94080
  timestamp: 1783002732887
- conda: https://conda.anaconda.org/conda-forge/noarch/typing-inspection-0.4.2-pyhcf101f3_2.conda
  sha256: 8b90d2f19f9458b8c58a55e1fcdc1d90c1603a847a47654d8a454549413ba60a
  md5: 53f5409c5cfd6c5a66417d68e3f0a864
  depends:
  - python >=3.10
  - typing_extensions >=4.12.0
  - python
  license: MIT
  license_family: MIT
  size: 20935
  timestamp: 1777105465795
- conda: https://conda.anaconda.org/conda-forge/noarch/typing_extensions-4.16.0-pyhcf101f3_0.conda
  sha256: 2d888f90af0686044882c74193ec80a90ec1943145d94a7b1b048958acda1848
  md5: c70ad746c22219b9700931707482992c
  depends:
  - python >=3.10
  - python
  license: PSF-2.0
  license_family: PSF
  size: 52631
  timestamp: 1783002732887
- conda: https://conda.anaconda.org/conda-forge/noarch/tzdata-2025c-hc9c84f9_1.conda
  sha256: 1d30098909076af33a35017eed6f2953af1c769e273a0626a04722ac4acaba3c
  md5: ad659d0a2b3e47e38d829aa8cad2d610
  license: LicenseRef-Public-Domain
  size: 119135
  timestamp: 1767016325805
- conda: https://conda.anaconda.org/conda-forge/win-64/ucrt-10.0.26100.0-h57928b3_0.conda
  sha256: 3005729dce6f3d3f5ec91dfc49fc75a0095f9cd23bab49efb899657297ac91a5
  md5: 71b24316859acd00bdb8b38f5e2ce328
  constrains:
  - vc14_runtime >=14.29.30037
  - vs2015_runtime >=14.29.30037
  license: LicenseRef-MicrosoftWindowsSDK10
  size: 694692
  timestamp: 1756385147981
- conda: https://conda.anaconda.org/conda-forge/win-64/vc-14.5-h1b7c187_39.conda
  sha256: 17693b60cb54f80c60275f003f3bfc1b128af56dbfd65c4fae37c64eeb755ce1
  md5: 2eacea63f545b97342da520df6854276
  depends:
  - vc14_runtime >=14.51.36231
  track_features:
  - vc14
  license: BSD-3-Clause
  license_family: BSD
  size: 20362
  timestamp: 1781320968457
- conda: https://conda.anaconda.org/conda-forge/win-64/vc14_runtime-14.51.36231-h1b9f54f_39.conda
  sha256: 8153ed849c92e891eacac0f2f8d7ecb79f9b5fd7f7917fbb896f252a60a40390
  md5: 06a5bf5a1ca16cce0df6eaa91fc42bc2
  depends:
  - ucrt >=10.0.20348.0
  - vcomp14 14.51.36231 h1b9f54f_39
  constrains:
  - vs2015_runtime 14.51.36231.* *_39
  license: LicenseRef-MicrosoftVisualCpp2015-2022Runtime
  license_family: Proprietary
  size: 737434
  timestamp: 1781320964561
- conda: https://conda.anaconda.org/conda-forge/win-64/vcomp14-14.51.36231-h1b9f54f_39.conda
  sha256: 07fb14713c4bc62e2533a2e23a363abfb0e65650681fba0ae4c840e2219350f3
  md5: 8b53a83fda40ec679e4d63fa32fae989
  depends:
  - ucrt >=10.0.20348.0
  constrains:
  - vs2015_runtime 14.51.36231.* *_39
  license: LicenseRef-MicrosoftVisualCpp2015-2022Runtime
  license_family: Proprietary
  size: 120684
  timestamp: 1781320948530
- conda: https://conda.anaconda.org/conda-forge/win-64/yaml-0.2.5-h6a83c73_3.conda
  sha256: 80ee68c1e7683a35295232ea79bcc87279d31ffeda04a1665efdb43cbd50a309
  md5: 433699cba6602098ae8957a323da2664
  depends:
  - vc >=14.3,<15
  - vc14_runtime >=14.44.35208
  - ucrt >=10.0.20348.0
  - vc >=14.3,<15
  - vc14_runtime >=14.44.35208
  - ucrt >=10.0.20348.0
  license: MIT
  license_family: MIT
  size: 63944
  timestamp: 1753484092156
